
Microsoft Visual Studio Solution File, Format Version 12.00
# Visual Studio 15
VisualStudioVersion = 15.0.27130.2027
MinimumVisualStudioVersion = 10.0.40219.1
Project("{FAE04EC0-301F-11D3-BF4B-00C04F79EFBC}") = "TestConsole", "TestConsole\TestConsole.csproj", "{F0F0019C-2A6A-42A1-83AA-50AAE5AC84E1}"
EndProject
Project("{FAE04EC0-301F-11D3-BF4B-00C04F79EFBC}") = "UsingAppConfig", "UsingAppConfig\UsingAppConfig.csproj", "{D01F68CC-14E9-49B8-A0CC-4DBDA9B8DB3B}"
EndProject
Project("{FAE04EC0-301F-11D3-BF4B-00C04F79EFBC}") = "UsingProperties", "UsingProperties\UsingProperties.csproj", "{7FACB706-BD6C-4FBE-8E85-508D72C366EE}"
EndProject
Project("{FAE04EC0-301F-11D3-BF4B-00C04F79EFBC}") = "UsingTabControl", "UsingTabControl\UsingTabControl.csproj", "{E68445F9-9AA6-4F6C-B5B5-6209DD770D77}"
EndProject
Project("{FAE04EC0-301F-11D3-BF4B-00C04F79EFBC}") = "LoadSaveExcel", "LoadSaveExcel\LoadSaveExcel.csproj", "{D3A9D5B4-7E8C-416C-89BC-4C12DC81C38C}"
EndProject
Project("{FAE04EC0-301F-11D3-BF4B-00C04F79EFBC}") = "ExcelAddIn1", "ExcelAddIn1\ExcelAddIn1.csproj", "{3C881BD1-B7C8-45C1-8DEA-14C65B3E0A17}"
EndProject
Project("{FAE04EC0-301F-11D3-BF4B-00C04F79EFBC}") = "NetFrameworkDLL", "NetFrameworkDLL\NetFrameworkDLL.csproj", "{CC0D20F1-9435-4588-9C9D-73E78CB25639}"
EndProject
Project("{9A19103F-16F7-4668-BE54-9A1E7A4F7556}") = "NetStandardDLL", "NetStandardDLL\NetStandardDLL.csproj", "{71219184-FBC6-4A94-8D4B-45C1237CAC75}"
EndProject
Project("{9A19103F-16F7-4668-BE54-9A1E7A4F7556}") = "NetCoreDLL", "NetCoreDLL\NetCoreDLL.csproj", "{88C20C47-3491-48E9-A83E-F39ED1741A02}"
EndProject
Project("{FAE04EC0-301F-11D3-BF4B-00C04F79EFBC}") = "TestFile", "TestFile\TestFile.csproj", "{95F2463D-9CB0-4A90-B079-4A854D9B8531}"
EndProject
Project("{FAE04EC0-301F-11D3-BF4B-00C04F79EFBC}") = "DisposeTest", "DisposeTest\DisposeTest.csproj", "{5726CAA3-E1E9-424F-9AA1-7CB467B232C1}"
EndProject
Project("{FAE04EC0-301F-11D3-BF4B-00C04F79EFBC}") = "PMMode", "PMMode\PMMode.csproj", "{CA0A8D96-D135-49ED-8DBB-24E8C115DF80}"
EndProject
Project("{FAE04EC0-301F-11D3-BF4B-00C04F79EFBC}") = "ThreadTest", "ThreadTest\ThreadTest.csproj", "{0678021F-09E5-4035-B974-0045AFC8A052}"
EndProject
Project("{FAE04EC0-301F-11D3-BF4B-00C04F79EFBC}") = "ModbusTest", "ModbusTest\ModbusTest.csproj", "{4C817221-5C28-4322-861D-F73975E9B491}"
EndProject
Project("{FAE04EC0-301F-11D3-BF4B-00C04F79EFBC}") = "TaskTest", "TaskTest\TaskTest.csproj", "{2739D9D3-8BDB-40DE-9A7B-1EA991A94903}"
EndProject
Project("{FAE04EC0-301F-11D3-BF4B-00C04F79EFBC}") = "FormatTest", "FormatTest\FormatTest.csproj", "{8CB1EF7B-491D-4169-AB14-DEE18D4ED084}"
EndProject
Project("{FAE04EC0-301F-11D3-BF4B-00C04F79EFBC}") = "TestLoadAndShown", "TestLoadAndShown\TestLoadAndShown.csproj", "{BF773323-6D06-4865-9803-373DCE71BE73}"
EndProject
Project("{FAE04EC0-301F-11D3-BF4B-00C04F79EFBC}") = "TestImportOCX", "TestImportOCX\TestImportOCX.csproj", "{487CA35D-5C78-4907-BBB3-D7B7ABDBA18D}"
EndProject
Project("{FAE04EC0-301F-11D3-BF4B-00C04F79EFBC}") = "TestStatic", "TestStatic\TestStatic.csproj", "{4C9A3436-D991-483B-B069-0617CD3DAA1C}"
EndProject
Project("{FAE04EC0-301F-11D3-BF4B-00C04F79EFBC}") = "MSTest", "MSTest\MSTest.csproj", "{6C3D9618-B859-44EC-B86B-0D51E5C199F7}"
EndProject
Project("{FAE04EC0-301F-11D3-BF4B-00C04F79EFBC}") = "MSTestSec", "MSTestSec\MSTestSec.csproj", "{34CE10EE-6BEE-427B-A2C8-5795D5BFB286}"
EndProject
Project("{FAE04EC0-301F-11D3-BF4B-00C04F79EFBC}") = "MSTestLib", "MSTestLib\MSTestLib.csproj", "{91EE2590-EE66-43CB-A4ED-DA6F1E386B47}"
EndProject
Project("{FAE04EC0-301F-11D3-BF4B-00C04F79EFBC}") = "UIEventTest", "UIEventTest\UIEventTest.csproj", "{B82542B7-37E7-4893-B22A-B3BD0D0BBF7C}"
EndProject
Project("{FAE04EC0-301F-11D3-BF4B-00C04F79EFBC}") = "WpfApp1", "WpfApp1\WpfApp1.csproj", "{9EC8CB86-C447-442A-8611-C9CA9C096438}"
EndProject
Project("{FAE04EC0-301F-11D3-BF4B-00C04F79EFBC}") = "ConsoleThread", "ConsoleThread\ConsoleThread.csproj", "{8911A421-C53D-470A-A427-6BAD445AF4A9}"
EndProject
Project("{FAE04EC0-301F-11D3-BF4B-00C04F79EFBC}") = "MelSampleUseUtil", "..\..\..\MELSEC\Act\Samples\Vcs.NET\SampleDot\MelSampleUseUtil.csproj", "{4FAF9C2A-5B0E-4F27-BACC-799AA40CAC49}"
EndProject
Project("{FAE04EC0-301F-11D3-BF4B-00C04F79EFBC}") = "MelSampleUseAct", "..\..\..\MELSEC\Act\Samples\Vcs.NET\Sample\MelSampleUseAct.csproj", "{D010C8B0-A1A7-4CB6-BBD5-77EC43828A7F}"
EndProject
Project("{FAE04EC0-301F-11D3-BF4B-00C04F79EFBC}") = "MelSample_ReferencesAct", "..\..\..\MELSEC\Act\Samples\Vcs.NET\Sample_References\MelSample_ReferencesAct.csproj", "{D126203F-0AEA-4B28-B9BA-DF0F015972D2}"
EndProject
Project("{FAE04EC0-301F-11D3-BF4B-00C04F79EFBC}") = "MelTest", "MelTest\MelTest.csproj", "{77620FF0-6529-4F93-961A-ED9A2FEB01B3}"
EndProject
Project("{F184B08F-C81C-45F6-A57F-5ABD9991F28F}") = "Sample_TypeConv", "..\..\..\MELSEC\Act\Samples\Vb.NET\Sample_TypeConv\Sample_TypeConv\Sample_TypeConv.vbproj", "{FC3DD623-C246-42DD-86CF-15CEB084ABA0}"
EndProject
Project("{FAE04EC0-301F-11D3-BF4B-00C04F79EFBC}") = "TestMonitor", "TestMonitor\TestMonitor.csproj", "{1F011B4F-1A5B-4835-A386-7F645DC35982}"
EndProject
Project("{FAE04EC0-301F-11D3-BF4B-00C04F79EFBC}") = "TestList", "TestList\TestList.csproj", "{4BC622B4-9530-468E-86CB-14BA78DF7015}"
EndProject
Project("{FAE04EC0-301F-11D3-BF4B-00C04F79EFBC}") = "IconTest", "IconTest\IconTest.csproj", "{670DDD92-7BFE-4BD7-B1D6-B3616D6D066C}"
EndProject
Project("{FAE04EC0-301F-11D3-BF4B-00C04F79EFBC}") = "ClassLibraryBasedFramework", "ClassLibraryBasedFramework\ClassLibraryBasedFramework.csproj", "{C3F6E078-2AD3-41ED-8A8C-F28FE440BD4A}"
EndProject
Project("{9A19103F-16F7-4668-BE54-9A1E7A4F7556}") = "ClassLibraryBasedStandard", "ClassLibraryBasedStandard\ClassLibraryBasedStandard.csproj", "{8D485276-98A2-4B83-962A-88D389A82694}"
EndProject
Project("{FAE04EC0-301F-11D3-BF4B-00C04F79EFBC}") = "SECSDriverTest", "SECSDriverTest\SECSDriverTest.csproj", "{B1482DB3-5348-49FD-B0CF-88ABBE09F552}"
EndProject
Project("{FAE04EC0-301F-11D3-BF4B-00C04F79EFBC}") = "DateTimeToString", "DateTimeToString\DateTimeToString.csproj", "{A9010923-2E3C-4DA8-BAF1-ACB240005117}"
EndProject
Project("{FAE04EC0-301F-11D3-BF4B-00C04F79EFBC}") = "DataStructureTest", "DataStructureTest\DataStructureTest.csproj", "{88F8DB87-B3DA-4674-8CC6-26691AB3E851}"
EndProject
Project("{FAE04EC0-301F-11D3-BF4B-00C04F79EFBC}") = "SpyPlusPlus", "SpyPlusPlus\SpyPlusPlus.csproj", "{26BFA353-89D6-4EA7-8FDC-29FCC59D62DD}"
EndProject
Project("{FAE04EC0-301F-11D3-BF4B-00C04F79EFBC}") = "SpyPlusPlusConsole", "SpyPlusPlusConsole\SpyPlusPlusConsole.csproj", "{B8C88F7B-908E-401E-B6CA-82E935502F6D}"
EndProject
Project("{FAE04EC0-301F-11D3-BF4B-00C04F79EFBC}") = "SpyFindWindow", "SpyFindWindow\SpyFindWindow.csproj", "{3D669615-8F27-4275-BA14-BDB128EEB78B}"
EndProject
Project("{FAE04EC0-301F-11D3-BF4B-00C04F79EFBC}") = "ZebraScanner", "ZebraScanner\ZebraScanner.csproj", "{78E10416-8A9E-4C28-BF5A-8755243EA566}"
EndProject
Global
	GlobalSection(SolutionConfigurationPlatforms) = preSolution
		Debug|Any CPU = Debug|Any CPU
		Release|Any CPU = Release|Any CPU
	EndGlobalSection
	GlobalSection(ProjectConfigurationPlatforms) = postSolution
		{F0F0019C-2A6A-42A1-83AA-50AAE5AC84E1}.Debug|Any CPU.ActiveCfg = Debug|Any CPU
		{F0F0019C-2A6A-42A1-83AA-50AAE5AC84E1}.Debug|Any CPU.Build.0 = Debug|Any CPU
		{F0F0019C-2A6A-42A1-83AA-50AAE5AC84E1}.Release|Any CPU.ActiveCfg = Release|Any CPU
		{F0F0019C-2A6A-42A1-83AA-50AAE5AC84E1}.Release|Any CPU.Build.0 = Release|Any CPU
		{D01F68CC-14E9-49B8-A0CC-4DBDA9B8DB3B}.Debug|Any CPU.ActiveCfg = Debug|Any CPU
		{D01F68CC-14E9-49B8-A0CC-4DBDA9B8DB3B}.Debug|Any CPU.Build.0 = Debug|Any CPU
		{D01F68CC-14E9-49B8-A0CC-4DBDA9B8DB3B}.Release|Any CPU.ActiveCfg = Release|Any CPU
		{D01F68CC-14E9-49B8-A0CC-4DBDA9B8DB3B}.Release|Any CPU.Build.0 = Release|Any CPU
		{7FACB706-BD6C-4FBE-8E85-508D72C366EE}.Debug|Any CPU.ActiveCfg = Debug|Any CPU
		{7FACB706-BD6C-4FBE-8E85-508D72C366EE}.Debug|Any CPU.Build.0 = Debug|Any CPU
		{7FACB706-BD6C-4FBE-8E85-508D72C366EE}.Release|Any CPU.ActiveCfg = Release|Any CPU
		{7FACB706-BD6C-4FBE-8E85-508D72C366EE}.Release|Any CPU.Build.0 = Release|Any CPU
		{E68445F9-9AA6-4F6C-B5B5-6209DD770D77}.Debug|Any CPU.ActiveCfg = Debug|Any CPU
		{E68445F9-9AA6-4F6C-B5B5-6209DD770D77}.Debug|Any CPU.Build.0 = Debug|Any CPU
		{E68445F9-9AA6-4F6C-B5B5-6209DD770D77}.Release|Any CPU.ActiveCfg = Release|Any CPU
		{E68445F9-9AA6-4F6C-B5B5-6209DD770D77}.Release|Any CPU.Build.0 = Release|Any CPU
		{D3A9D5B4-7E8C-416C-89BC-4C12DC81C38C}.Debug|Any CPU.ActiveCfg = Debug|Any CPU
		{D3A9D5B4-7E8C-416C-89BC-4C12DC81C38C}.Debug|Any CPU.Build.0 = Debug|Any CPU
		{D3A9D5B4-7E8C-416C-89BC-4C12DC81C38C}.Release|Any CPU.ActiveCfg = Release|Any CPU
		{D3A9D5B4-7E8C-416C-89BC-4C12DC81C38C}.Release|Any CPU.Build.0 = Release|Any CPU
		{3C881BD1-B7C8-45C1-8DEA-14C65B3E0A17}.Debug|Any CPU.ActiveCfg = Debug|Any CPU
		{3C881BD1-B7C8-45C1-8DEA-14C65B3E0A17}.Debug|Any CPU.Build.0 = Debug|Any CPU
		{3C881BD1-B7C8-45C1-8DEA-14C65B3E0A17}.Release|Any CPU.ActiveCfg = Release|Any CPU
		{3C881BD1-B7C8-45C1-8DEA-14C65B3E0A17}.Release|Any CPU.Build.0 = Release|Any CPU
		{CC0D20F1-9435-4588-9C9D-73E78CB25639}.Debug|Any CPU.ActiveCfg = Debug|Any CPU
		{CC0D20F1-9435-4588-9C9D-73E78CB25639}.Debug|Any CPU.Build.0 = Debug|Any CPU
		{CC0D20F1-9435-4588-9C9D-73E78CB25639}.Release|Any CPU.ActiveCfg = Release|Any CPU
		{CC0D20F1-9435-4588-9C9D-73E78CB25639}.Release|Any CPU.Build.0 = Release|Any CPU
		{71219184-FBC6-4A94-8D4B-45C1237CAC75}.Debug|Any CPU.ActiveCfg = Debug|Any CPU
		{71219184-FBC6-4A94-8D4B-45C1237CAC75}.Debug|Any CPU.Build.0 = Debug|Any CPU
		{71219184-FBC6-4A94-8D4B-45C1237CAC75}.Release|Any CPU.ActiveCfg = Release|Any CPU
		{71219184-FBC6-4A94-8D4B-45C1237CAC75}.Release|Any CPU.Build.0 = Release|Any CPU
		{88C20C47-3491-48E9-A83E-F39ED1741A02}.Debug|Any CPU.ActiveCfg = Debug|Any CPU
		{88C20C47-3491-48E9-A83E-F39ED1741A02}.Debug|Any CPU.Build.0 = Debug|Any CPU
		{88C20C47-3491-48E9-A83E-F39ED1741A02}.Release|Any CPU.ActiveCfg = Release|Any CPU
		{88C20C47-3491-48E9-A83E-F39ED1741A02}.Release|Any CPU.Build.0 = Release|Any CPU
		{95F2463D-9CB0-4A90-B079-4A854D9B8531}.Debug|Any CPU.ActiveCfg = Debug|Any CPU
		{95F2463D-9CB0-4A90-B079-4A854D9B8531}.Debug|Any CPU.Build.0 = Debug|Any CPU
		{95F2463D-9CB0-4A90-B079-4A854D9B8531}.Release|Any CPU.ActiveCfg = Release|Any CPU
		{95F2463D-9CB0-4A90-B079-4A854D9B8531}.Release|Any CPU.Build.0 = Release|Any CPU
		{5726CAA3-E1E9-424F-9AA1-7CB467B232C1}.Debug|Any CPU.ActiveCfg = Debug|Any CPU
		{5726CAA3-E1E9-424F-9AA1-7CB467B232C1}.Debug|Any CPU.Build.0 = Debug|Any CPU
		{5726CAA3-E1E9-424F-9AA1-7CB467B232C1}.Release|Any CPU.ActiveCfg = Release|Any CPU
		{5726CAA3-E1E9-424F-9AA1-7CB467B232C1}.Release|Any CPU.Build.0 = Release|Any CPU
		{CA0A8D96-D135-49ED-8DBB-24E8C115DF80}.Debug|Any CPU.ActiveCfg = Debug|Any CPU
		{CA0A8D96-D135-49ED-8DBB-24E8C115DF80}.Debug|Any CPU.Build.0 = Debug|Any CPU
		{CA0A8D96-D135-49ED-8DBB-24E8C115DF80}.Release|Any CPU.ActiveCfg = Release|Any CPU
		{CA0A8D96-D135-49ED-8DBB-24E8C115DF80}.Release|Any CPU.Build.0 = Release|Any CPU
		{0678021F-09E5-4035-B974-0045AFC8A052}.Debug|Any CPU.ActiveCfg = Debug|Any CPU
		{0678021F-09E5-4035-B974-0045AFC8A052}.Debug|Any CPU.Build.0 = Debug|Any CPU
		{0678021F-09E5-4035-B974-0045AFC8A052}.Release|Any CPU.ActiveCfg = Release|Any CPU
		{0678021F-09E5-4035-B974-0045AFC8A052}.Release|Any CPU.Build.0 = Release|Any CPU
		{4C817221-5C28-4322-861D-F73975E9B491}.Debug|Any CPU.ActiveCfg = Debug|Any CPU
		{4C817221-5C28-4322-861D-F73975E9B491}.Debug|Any CPU.Build.0 = Debug|Any CPU
		{4C817221-5C28-4322-861D-F73975E9B491}.Release|Any CPU.ActiveCfg = Release|Any CPU
		{4C817221-5C28-4322-861D-F73975E9B491}.Release|Any CPU.Build.0 = Release|Any CPU
		{2739D9D3-8BDB-40DE-9A7B-1EA991A94903}.Debug|Any CPU.ActiveCfg = Debug|Any CPU
		{2739D9D3-8BDB-40DE-9A7B-1EA991A94903}.Debug|Any CPU.Build.0 = Debug|Any CPU
		{2739D9D3-8BDB-40DE-9A7B-1EA991A94903}.Release|Any CPU.ActiveCfg = Release|Any CPU
		{2739D9D3-8BDB-40DE-9A7B-1EA991A94903}.Release|Any CPU.Build.0 = Release|Any CPU
		{8CB1EF7B-491D-4169-AB14-DEE18D4ED084}.Debug|Any CPU.ActiveCfg = Debug|Any CPU
		{8CB1EF7B-491D-4169-AB14-DEE18D4ED084}.Debug|Any CPU.Build.0 = Debug|Any CPU
		{8CB1EF7B-491D-4169-AB14-DEE18D4ED084}.Release|Any CPU.ActiveCfg = Release|Any CPU
		{8CB1EF7B-491D-4169-AB14-DEE18D4ED084}.Release|Any CPU.Build.0 = Release|Any CPU
		{BF773323-6D06-4865-9803-373DCE71BE73}.Debug|Any CPU.ActiveCfg = Debug|Any CPU
		{BF773323-6D06-4865-9803-373DCE71BE73}.Debug|Any CPU.Build.0 = Debug|Any CPU
		{BF773323-6D06-4865-9803-373DCE71BE73}.Release|Any CPU.ActiveCfg = Release|Any CPU
		{BF773323-6D06-4865-9803-373DCE71BE73}.Release|Any CPU.Build.0 = Release|Any CPU
		{487CA35D-5C78-4907-BBB3-D7B7ABDBA18D}.Debug|Any CPU.ActiveCfg = Debug|Any CPU
		{487CA35D-5C78-4907-BBB3-D7B7ABDBA18D}.Debug|Any CPU.Build.0 = Debug|Any CPU
		{487CA35D-5C78-4907-BBB3-D7B7ABDBA18D}.Release|Any CPU.ActiveCfg = Release|Any CPU
		{487CA35D-5C78-4907-BBB3-D7B7ABDBA18D}.Release|Any CPU.Build.0 = Release|Any CPU
		{4C9A3436-D991-483B-B069-0617CD3DAA1C}.Debug|Any CPU.ActiveCfg = Debug|Any CPU
		{4C9A3436-D991-483B-B069-0617CD3DAA1C}.Debug|Any CPU.Build.0 = Debug|Any CPU
		{4C9A3436-D991-483B-B069-0617CD3DAA1C}.Release|Any CPU.ActiveCfg = Release|Any CPU
		{4C9A3436-D991-483B-B069-0617CD3DAA1C}.Release|Any CPU.Build.0 = Release|Any CPU
		{6C3D9618-B859-44EC-B86B-0D51E5C199F7}.Debug|Any CPU.ActiveCfg = Debug|Any CPU
		{6C3D9618-B859-44EC-B86B-0D51E5C199F7}.Debug|Any CPU.Build.0 = Debug|Any CPU
		{6C3D9618-B859-44EC-B86B-0D51E5C199F7}.Release|Any CPU.ActiveCfg = Release|Any CPU
		{6C3D9618-B859-44EC-B86B-0D51E5C199F7}.Release|Any CPU.Build.0 = Release|Any CPU
		{34CE10EE-6BEE-427B-A2C8-5795D5BFB286}.Debug|Any CPU.ActiveCfg = Debug|Any CPU
		{34CE10EE-6BEE-427B-A2C8-5795D5BFB286}.Debug|Any CPU.Build.0 = Debug|Any CPU
		{34CE10EE-6BEE-427B-A2C8-5795D5BFB286}.Release|Any CPU.ActiveCfg = Release|Any CPU
		{34CE10EE-6BEE-427B-A2C8-5795D5BFB286}.Release|Any CPU.Build.0 = Release|Any CPU
		{91EE2590-EE66-43CB-A4ED-DA6F1E386B47}.Debug|Any CPU.ActiveCfg = Debug|Any CPU
		{91EE2590-EE66-43CB-A4ED-DA6F1E386B47}.Debug|Any CPU.Build.0 = Debug|Any CPU
		{91EE2590-EE66-43CB-A4ED-DA6F1E386B47}.Release|Any CPU.ActiveCfg = Release|Any CPU
		{91EE2590-EE66-43CB-A4ED-DA6F1E386B47}.Release|Any CPU.Build.0 = Release|Any CPU
		{B82542B7-37E7-4893-B22A-B3BD0D0BBF7C}.Debug|Any CPU.ActiveCfg = Debug|Any CPU
		{B82542B7-37E7-4893-B22A-B3BD0D0BBF7C}.Debug|Any CPU.Build.0 = Debug|Any CPU
		{B82542B7-37E7-4893-B22A-B3BD0D0BBF7C}.Release|Any CPU.ActiveCfg = Release|Any CPU
		{B82542B7-37E7-4893-B22A-B3BD0D0BBF7C}.Release|Any CPU.Build.0 = Release|Any CPU
		{9EC8CB86-C447-442A-8611-C9CA9C096438}.Debug|Any CPU.ActiveCfg = Debug|Any CPU
		{9EC8CB86-C447-442A-8611-C9CA9C096438}.Debug|Any CPU.Build.0 = Debug|Any CPU
		{9EC8CB86-C447-442A-8611-C9CA9C096438}.Release|Any CPU.ActiveCfg = Release|Any CPU
		{9EC8CB86-C447-442A-8611-C9CA9C096438}.Release|Any CPU.Build.0 = Release|Any CPU
		{8911A421-C53D-470A-A427-6BAD445AF4A9}.Debug|Any CPU.ActiveCfg = Debug|Any CPU
		{8911A421-C53D-470A-A427-6BAD445AF4A9}.Debug|Any CPU.Build.0 = Debug|Any CPU
		{8911A421-C53D-470A-A427-6BAD445AF4A9}.Release|Any CPU.ActiveCfg = Release|Any CPU
		{8911A421-C53D-470A-A427-6BAD445AF4A9}.Release|Any CPU.Build.0 = Release|Any CPU
		{4FAF9C2A-5B0E-4F27-BACC-799AA40CAC49}.Debug|Any CPU.ActiveCfg = Debug|Any CPU
		{4FAF9C2A-5B0E-4F27-BACC-799AA40CAC49}.Debug|Any CPU.Build.0 = Debug|Any CPU
		{4FAF9C2A-5B0E-4F27-BACC-799AA40CAC49}.Release|Any CPU.ActiveCfg = Release|Any CPU
		{4FAF9C2A-5B0E-4F27-BACC-799AA40CAC49}.Release|Any CPU.Build.0 = Release|Any CPU
		{D010C8B0-A1A7-4CB6-BBD5-77EC43828A7F}.Debug|Any CPU.ActiveCfg = Debug|Any CPU
		{D010C8B0-A1A7-4CB6-BBD5-77EC43828A7F}.Debug|Any CPU.Build.0 = Debug|Any CPU
		{D010C8B0-A1A7-4CB6-BBD5-77EC43828A7F}.Release|Any CPU.ActiveCfg = Release|Any CPU
		{D010C8B0-A1A7-4CB6-BBD5-77EC43828A7F}.Release|Any CPU.Build.0 = Release|Any CPU
		{D126203F-0AEA-4B28-B9BA-DF0F015972D2}.Debug|Any CPU.ActiveCfg = Debug|Any CPU
		{D126203F-0AEA-4B28-B9BA-DF0F015972D2}.Debug|Any CPU.Build.0 = Debug|Any CPU
		{D126203F-0AEA-4B28-B9BA-DF0F015972D2}.Release|Any CPU.ActiveCfg = Release|Any CPU
		{D126203F-0AEA-4B28-B9BA-DF0F015972D2}.Release|Any CPU.Build.0 = Release|Any CPU
		{77620FF0-6529-4F93-961A-ED9A2FEB01B3}.Debug|Any CPU.ActiveCfg = Debug|Any CPU
		{77620FF0-6529-4F93-961A-ED9A2FEB01B3}.Debug|Any CPU.Build.0 = Debug|Any CPU
		{77620FF0-6529-4F93-961A-ED9A2FEB01B3}.Release|Any CPU.ActiveCfg = Release|Any CPU
		{77620FF0-6529-4F93-961A-ED9A2FEB01B3}.Release|Any CPU.Build.0 = Release|Any CPU
		{FC3DD623-C246-42DD-86CF-15CEB084ABA0}.Debug|Any CPU.ActiveCfg = Debug|Any CPU
		{FC3DD623-C246-42DD-86CF-15CEB084ABA0}.Debug|Any CPU.Build.0 = Debug|Any CPU
		{FC3DD623-C246-42DD-86CF-15CEB084ABA0}.Release|Any CPU.ActiveCfg = Release|Any CPU
		{FC3DD623-C246-42DD-86CF-15CEB084ABA0}.Release|Any CPU.Build.0 = Release|Any CPU
		{1F011B4F-1A5B-4835-A386-7F645DC35982}.Debug|Any CPU.ActiveCfg = Debug|Any CPU
		{1F011B4F-1A5B-4835-A386-7F645DC35982}.Debug|Any CPU.Build.0 = Debug|Any CPU
		{1F011B4F-1A5B-4835-A386-7F645DC35982}.Release|Any CPU.ActiveCfg = Release|Any CPU
		{1F011B4F-1A5B-4835-A386-7F645DC35982}.Release|Any CPU.Build.0 = Release|Any CPU
		{4BC622B4-9530-468E-86CB-14BA78DF7015}.Debug|Any CPU.ActiveCfg = Debug|Any CPU
		{4BC622B4-9530-468E-86CB-14BA78DF7015}.Debug|Any CPU.Build.0 = Debug|Any CPU
		{4BC622B4-9530-468E-86CB-14BA78DF7015}.Release|Any CPU.ActiveCfg = Release|Any CPU
		{4BC622B4-9530-468E-86CB-14BA78DF7015}.Release|Any CPU.Build.0 = Release|Any CPU
		{670DDD92-7BFE-4BD7-B1D6-B3616D6D066C}.Debug|Any CPU.ActiveCfg = Debug|Any CPU
		{670DDD92-7BFE-4BD7-B1D6-B3616D6D066C}.Debug|Any CPU.Build.0 = Debug|Any CPU
		{670DDD92-7BFE-4BD7-B1D6-B3616D6D066C}.Release|Any CPU.ActiveCfg = Release|Any CPU
		{670DDD92-7BFE-4BD7-B1D6-B3616D6D066C}.Release|Any CPU.Build.0 = Release|Any CPU
		{C3F6E078-2AD3-41ED-8A8C-F28FE440BD4A}.Debug|Any CPU.ActiveCfg = Debug|Any CPU
		{C3F6E078-2AD3-41ED-8A8C-F28FE440BD4A}.Debug|Any CPU.Build.0 = Debug|Any CPU
		{C3F6E078-2AD3-41ED-8A8C-F28FE440BD4A}.Release|Any CPU.ActiveCfg = Release|Any CPU
		{C3F6E078-2AD3-41ED-8A8C-F28FE440BD4A}.Release|Any CPU.Build.0 = Release|Any CPU
		{8D485276-98A2-4B83-962A-88D389A82694}.Debug|Any CPU.ActiveCfg = Debug|Any CPU
		{8D485276-98A2-4B83-962A-88D389A82694}.Debug|Any CPU.Build.0 = Debug|Any CPU
		{8D485276-98A2-4B83-962A-88D389A82694}.Release|Any CPU.ActiveCfg = Release|Any CPU
		{8D485276-98A2-4B83-962A-88D389A82694}.Release|Any CPU.Build.0 = Release|Any CPU
		{B1482DB3-5348-49FD-B0CF-88ABBE09F552}.Debug|Any CPU.ActiveCfg = Debug|Any CPU
		{B1482DB3-5348-49FD-B0CF-88ABBE09F552}.Debug|Any CPU.Build.0 = Debug|Any CPU
		{B1482DB3-5348-49FD-B0CF-88ABBE09F552}.Release|Any CPU.ActiveCfg = Release|Any CPU
		{B1482DB3-5348-49FD-B0CF-88ABBE09F552}.Release|Any CPU.Build.0 = Release|Any CPU
		{A9010923-2E3C-4DA8-BAF1-ACB240005117}.Debug|Any CPU.ActiveCfg = Debug|Any CPU
		{A9010923-2E3C-4DA8-BAF1-ACB240005117}.Debug|Any CPU.Build.0 = Debug|Any CPU
		{A9010923-2E3C-4DA8-BAF1-ACB240005117}.Release|Any CPU.ActiveCfg = Release|Any CPU
		{A9010923-2E3C-4DA8-BAF1-ACB240005117}.Release|Any CPU.Build.0 = Release|Any CPU
		{88F8DB87-B3DA-4674-8CC6-26691AB3E851}.Debug|Any CPU.ActiveCfg = Debug|Any CPU
		{88F8DB87-B3DA-4674-8CC6-26691AB3E851}.Debug|Any CPU.Build.0 = Debug|Any CPU
		{88F8DB87-B3DA-4674-8CC6-26691AB3E851}.Release|Any CPU.ActiveCfg = Release|Any CPU
		{88F8DB87-B3DA-4674-8CC6-26691AB3E851}.Release|Any CPU.Build.0 = Release|Any CPU
		{26BFA353-89D6-4EA7-8FDC-29FCC59D62DD}.Debug|Any CPU.ActiveCfg = Debug|Any CPU
		{26BFA353-89D6-4EA7-8FDC-29FCC59D62DD}.Debug|Any CPU.Build.0 = Debug|Any CPU
		{26BFA353-89D6-4EA7-8FDC-29FCC59D62DD}.Release|Any CPU.ActiveCfg = Release|Any CPU
		{26BFA353-89D6-4EA7-8FDC-29FCC59D62DD}.Release|Any CPU.Build.0 = Release|Any CPU
		{B8C88F7B-908E-401E-B6CA-82E935502F6D}.Debug|Any CPU.ActiveCfg = Debug|Any CPU
		{B8C88F7B-908E-401E-B6CA-82E935502F6D}.Debug|Any CPU.Build.0 = Debug|Any CPU
		{B8C88F7B-908E-401E-B6CA-82E935502F6D}.Release|Any CPU.ActiveCfg = Release|Any CPU
		{B8C88F7B-908E-401E-B6CA-82E935502F6D}.Release|Any CPU.Build.0 = Release|Any CPU
		{3D669615-8F27-4275-BA14-BDB128EEB78B}.Debug|Any CPU.ActiveCfg = Debug|Any CPU
		{3D669615-8F27-4275-BA14-BDB128EEB78B}.Debug|Any CPU.Build.0 = Debug|Any CPU
		{3D669615-8F27-4275-BA14-BDB128EEB78B}.Release|Any CPU.ActiveCfg = Release|Any CPU
		{3D669615-8F27-4275-BA14-BDB128EEB78B}.Release|Any CPU.Build.0 = Release|Any CPU
		{78E10416-8A9E-4C28-BF5A-8755243EA566}.Debug|Any CPU.ActiveCfg = Debug|Any CPU
		{78E10416-8A9E-4C28-BF5A-8755243EA566}.Debug|Any CPU.Build.0 = Debug|Any CPU
		{78E10416-8A9E-4C28-BF5A-8755243EA566}.Release|Any CPU.ActiveCfg = Release|Any CPU
		{78E10416-8A9E-4C28-BF5A-8755243EA566}.Release|Any CPU.Build.0 = Release|Any CPU
	EndGlobalSection
	GlobalSection(SolutionProperties) = preSolution
		HideSolutionNode = FALSE
	EndGlobalSection
	GlobalSection(ExtensibilityGlobals) = postSolution
		SolutionGuid = {11841DA8-2B35-45CC-AA11-D3CF9F5852E2}
	EndGlobalSection
EndGlobal
